
Microsoft Visual Studio Solution File, Format Version 12.00
# Visual Studio 15
Project("{FAE04EC0-301F-11D3-BF4B-00C04F79EFBC}") = "AvengaTestTask2", "AvengaTestTask2\AvengaTestTask2.csproj", "{6DA5C2C7-F97A-4404-8179-576D4353FB7D}"
EndProject
Global
	GlobalSection(SolutionConfigurationPlatforms) = preSolution
		Debug|anycpu = Debug|anycpu
		Release|anycpu = Release|anycpu
	EndGlobalSection
	GlobalSection(ProjectConfigurationPlatforms) = postSolution
		{6DA5C2C7-F97A-4404-8179-576D4353FB7D}.Debug|anycpu.ActiveCfg = Debug|anycpu
		{6DA5C2C7-F97A-4404-8179-576D4353FB7D}.Debug|anycpu.Build.0 = Debug|anycpu
		{6DA5C2C7-F97A-4404-8179-576D4353FB7D}.Release|anycpu.ActiveCfg = Release|anycpu
		{6DA5C2C7-F97A-4404-8179-576D4353FB7D}.Release|anycpu.Build.0 = Release|anycpu
	EndGlobalSection
EndGlobal
